
Microsoft Visual Studio Solution File, Format Version 12.00
# Visual Studio 15
VisualStudioVersion = 15.0.27130.2024
MinimumVisualStudioVersion = 10.0.40219.1
Project("{FAE04EC0-301F-11D3-BF4B-00C04F79EFBC}") = "LawnBot", "LawnBot\LawnBot.csproj", "{F000E493-0195-4C72-96C7-A857A41DF6CE}"
EndProject
Global
	GlobalSection(SolutionConfigurationPlatforms) = preSolution
		Debug|Any CPU = Debug|Any CPU
		Release|Any CPU = Release|Any CPU
	EndGlobalSection
	GlobalSection(ProjectConfigurationPlatforms) = postSolution
		{F000E493-0195-4C72-96C7-A857A41DF6CE}.Debug|Any CPU.ActiveCfg = Debug|Any CPU
		{F000E493-0195-4C72-96C7-A857A41DF6CE}.Debug|Any CPU.Build.0 = Debug|Any CPU
		{F000E493-0195-4C72-96C7-A857A41DF6CE}.Debug|Any CPU.Deploy.0 = Debug|Any CPU
		{F000E493-0195-4C72-96C7-A857A41DF6CE}.Release|Any CPU.ActiveCfg = Release|Any CPU
		{F000E493-0195-4C72-96C7-A857A41DF6CE}.Release|Any CPU.Build.0 = Release|Any CPU
		{F000E493-0195-4C72-96C7-A857A41DF6CE}.Release|Any CPU.Deploy.0 = Release|Any CPU
	EndGlobalSection
	GlobalSection(SolutionProperties) = preSolution
		HideSolutionNode = FALSE
	EndGlobalSection
	GlobalSection(ExtensibilityGlobals) = postSolution
		SolutionGuid = {CD9366F9-52A9-416C-8F04-88192A1AC824}
	EndGlobalSection
EndGlobal
